
Microsoft Visual Studio Solution File, Format Version 12.00
# Visual Studio Version 17
VisualStudioVersion = 17.7.34003.232
MinimumVisualStudioVersion = 10.0.40219.1
Project("{FAE04EC0-301F-11D3-BF4B-00C04F79EFBC}") = "Icod.Inflate", "Icod.Inflate.csproj", "{5E548659-579A-4288-B874-6C5A3D85FE75}"
EndProject
Global
	GlobalSection(SolutionConfigurationPlatforms) = preSolution
		Debug|Any CPU = Debug|Any CPU
		Release|Any CPU = Release|Any CPU
	EndGlobalSection
	GlobalSection(ProjectConfigurationPlatforms) = postSolution
		{5E548659-579A-4288-B874-6C5A3D85FE75}.Debug|Any CPU.ActiveCfg = Debug|Any CPU
		{5E548659-579A-4288-B874-6C5A3D85FE75}.Debug|Any CPU.Build.0 = Debug|Any CPU
		{5E548659-579A-4288-B874-6C5A3D85FE75}.Release|Any CPU.ActiveCfg = Release|Any CPU
		{5E548659-579A-4288-B874-6C5A3D85FE75}.Release|Any CPU.Build.0 = Release|Any CPU
	EndGlobalSection
	GlobalSection(SolutionProperties) = preSolution
		HideSolutionNode = FALSE
	EndGlobalSection
	GlobalSection(ExtensibilityGlobals) = postSolution
		SolutionGuid = {D5250B99-0350-42B7-9CE5-3F0CAF7C3523}
	EndGlobalSection
EndGlobal
